
Microsoft Visual Studio Solution File, Format Version 12.00
Project("{FAE04EC0-301F-11D3-BF4B-00C04F79EFBC}") = "loop-cSharp", "loop-cSharp\loop-cSharp.csproj", "{4D9FEE08-7C39-4E5D-8D41-1E079B508908}"
EndProject
Global
	GlobalSection(SolutionConfigurationPlatforms) = preSolution
		Debug|Any CPU = Debug|Any CPU
		Release|Any CPU = Release|Any CPU
	EndGlobalSection
	GlobalSection(ProjectConfigurationPlatforms) = postSolution
		{4D9FEE08-7C39-4E5D-8D41-1E079B508908}.Debug|Any CPU.ActiveCfg = Debug|Any CPU
		{4D9FEE08-7C39-4E5D-8D41-1E079B508908}.Debug|Any CPU.Build.0 = Debug|Any CPU
		{4D9FEE08-7C39-4E5D-8D41-1E079B508908}.Release|Any CPU.ActiveCfg = Release|Any CPU
		{4D9FEE08-7C39-4E5D-8D41-1E079B508908}.Release|Any CPU.Build.0 = Release|Any CPU
	EndGlobalSection
EndGlobal
